
Microsoft Visual Studio Solution File, Format Version 12.00
# Visual Studio Version 17
VisualStudioVersion = 17.3.32922.545
MinimumVisualStudioVersion = 10.0.40219.1
Project("{2150E333-8FDC-42A3-9474-1A3956D46DE8}") = "Domain", "Domain", "{C5997596-98EA-40E8-B374-E652F965723B}"
EndProject
Project("{2150E333-8FDC-42A3-9474-1A3956D46DE8}") = "Infrastructure.Bus", "Infrastructure.Bus", "{5E77D433-5934-4E8D-B923-D93D8C6A4EB0}"
EndProject
Project("{2150E333-8FDC-42A3-9474-1A3956D46DE8}") = "Intrastructure.IoC", "Intrastructure.IoC", "{68B15D2A-8257-4263-9D86-06740A1334B3}"
EndProject
Project("{2150E333-8FDC-42A3-9474-1A3956D46DE8}") = "Microservices", "Microservices", "{463AF65D-B5D3-47EB-AE37-E7A0CBEC55C1}"
EndProject
Project("{2150E333-8FDC-42A3-9474-1A3956D46DE8}") = "Presentation", "Presentation", "{55625149-6606-4647-8CF7-F1C7D78D1BEE}"
EndProject
Project("{9A19103F-16F7-4668-BE54-9A1E7A4F7556}") = "Domain.Core", "Domain.Core\Domain.Core.csproj", "{48D5B8BE-3DC1-42FF-85AD-9FAFBCA4F510}"
EndProject
Project("{9A19103F-16F7-4668-BE54-9A1E7A4F7556}") = "Infrastructure.Bus", "Infrastructure.Bus\Infrastructure.Bus.csproj", "{C7580528-EC8F-4A96-A6B5-ABDDFB2FBB08}"
EndProject
Project("{9A19103F-16F7-4668-BE54-9A1E7A4F7556}") = "MicroRabbit.Infrastructure.IoC", "MicroRabbit.Infrastructure.IoC\MicroRabbit.Infrastructure.IoC.csproj", "{6C161DE2-ED97-428F-A4DA-5DB31DA42735}"
EndProject
Project("{2150E333-8FDC-42A3-9474-1A3956D46DE8}") = "Banking", "Banking", "{9F733CFB-A2E4-4F5A-8AC8-0979078C308F}"
EndProject
Project("{2150E333-8FDC-42A3-9474-1A3956D46DE8}") = "Api", "Api", "{A41B18E4-A1F3-49E3-9227-B46829FCC5FB}"
EndProject
Project("{2150E333-8FDC-42A3-9474-1A3956D46DE8}") = "Domain", "Domain", "{AF0FC0F3-2322-4FED-BCFF-6631DB9FDE87}"
EndProject
Project("{2150E333-8FDC-42A3-9474-1A3956D46DE8}") = "Application", "Application", "{FDF8558B-B05E-4045-84A7-CD7C23921D08}"
EndProject
Project("{2150E333-8FDC-42A3-9474-1A3956D46DE8}") = "Data", "Data", "{5176AA6C-4C7E-45A7-AD7C-63431A38CC66}"
EndProject
Project("{9A19103F-16F7-4668-BE54-9A1E7A4F7556}") = "MicroRabbit.Banking.API", "MicroRabbit.Banking.API\MicroRabbit.Banking.API.csproj", "{48A9C1BA-B616-4561-BA16-8EEF51948017}"
EndProject
Project("{9A19103F-16F7-4668-BE54-9A1E7A4F7556}") = "MicroRabbit.Banking.Application", "MicroRabbit.Banking.Application\MicroRabbit.Banking.Application.csproj", "{43561948-B9F4-400A-ABD6-56F158F46D2D}"
EndProject
Project("{9A19103F-16F7-4668-BE54-9A1E7A4F7556}") = "MicroRabbit.Banking.Data", "MicroRabbit.Banking.Data\MicroRabbit.Banking.Data.csproj", "{4F0A91FD-1574-4B02-9B00-3C8F30E76063}"
EndProject
Project("{9A19103F-16F7-4668-BE54-9A1E7A4F7556}") = "MicroRabbit.Banking.Domain", "MicroRabbit.Banking.Domain\MicroRabbit.Banking.Domain.csproj", "{6574E898-9EF7-4891-9D77-0E0384DE785D}"
EndProject
Global
	GlobalSection(SolutionConfigurationPlatforms) = preSolution
		Debug|Any CPU = Debug|Any CPU
		Release|Any CPU = Release|Any CPU
	EndGlobalSection
	GlobalSection(ProjectConfigurationPlatforms) = postSolution
		{48D5B8BE-3DC1-42FF-85AD-9FAFBCA4F510}.Debug|Any CPU.ActiveCfg = Debug|Any CPU
		{48D5B8BE-3DC1-42FF-85AD-9FAFBCA4F510}.Debug|Any CPU.Build.0 = Debug|Any CPU
		{48D5B8BE-3DC1-42FF-85AD-9FAFBCA4F510}.Release|Any CPU.ActiveCfg = Release|Any CPU
		{48D5B8BE-3DC1-42FF-85AD-9FAFBCA4F510}.Release|Any CPU.Build.0 = Release|Any CPU
		{C7580528-EC8F-4A96-A6B5-ABDDFB2FBB08}.Debug|Any CPU.ActiveCfg = Debug|Any CPU
		{C7580528-EC8F-4A96-A6B5-ABDDFB2FBB08}.Debug|Any CPU.Build.0 = Debug|Any CPU
		{C7580528-EC8F-4A96-A6B5-ABDDFB2FBB08}.Release|Any CPU.ActiveCfg = Release|Any CPU
		{C7580528-EC8F-4A96-A6B5-ABDDFB2FBB08}.Release|Any CPU.Build.0 = Release|Any CPU
		{6C161DE2-ED97-428F-A4DA-5DB31DA42735}.Debug|Any CPU.ActiveCfg = Debug|Any CPU
		{6C161DE2-ED97-428F-A4DA-5DB31DA42735}.Debug|Any CPU.Build.0 = Debug|Any CPU
		{6C161DE2-ED97-428F-A4DA-5DB31DA42735}.Release|Any CPU.ActiveCfg = Release|Any CPU
		{6C161DE2-ED97-428F-A4DA-5DB31DA42735}.Release|Any CPU.Build.0 = Release|Any CPU
		{48A9C1BA-B616-4561-BA16-8EEF51948017}.Debug|Any CPU.ActiveCfg = Debug|Any CPU
		{48A9C1BA-B616-4561-BA16-8EEF51948017}.Debug|Any CPU.Build.0 = Debug|Any CPU
		{48A9C1BA-B616-4561-BA16-8EEF51948017}.Release|Any CPU.ActiveCfg = Release|Any CPU
		{48A9C1BA-B616-4561-BA16-8EEF51948017}.Release|Any CPU.Build.0 = Release|Any CPU
		{43561948-B9F4-400A-ABD6-56F158F46D2D}.Debug|Any CPU.ActiveCfg = Debug|Any CPU
		{43561948-B9F4-400A-ABD6-56F158F46D2D}.Debug|Any CPU.Build.0 = Debug|Any CPU
		{43561948-B9F4-400A-ABD6-56F158F46D2D}.Release|Any CPU.ActiveCfg = Release|Any CPU
		{43561948-B9F4-400A-ABD6-56F158F46D2D}.Release|Any CPU.Build.0 = Release|Any CPU
		{4F0A91FD-1574-4B02-9B00-3C8F30E76063}.Debug|Any CPU.ActiveCfg = Debug|Any CPU
		{4F0A91FD-1574-4B02-9B00-3C8F30E76063}.Debug|Any CPU.Build.0 = Debug|Any CPU
		{4F0A91FD-1574-4B02-9B00-3C8F30E76063}.Release|Any CPU.ActiveCfg = Release|Any CPU
		{4F0A91FD-1574-4B02-9B00-3C8F30E76063}.Release|Any CPU.Build.0 = Release|Any CPU
		{6574E898-9EF7-4891-9D77-0E0384DE785D}.Debug|Any CPU.ActiveCfg = Debug|Any CPU
		{6574E898-9EF7-4891-9D77-0E0384DE785D}.Debug|Any CPU.Build.0 = Debug|Any CPU
		{6574E898-9EF7-4891-9D77-0E0384DE785D}.Release|Any CPU.ActiveCfg = Release|Any CPU
		{6574E898-9EF7-4891-9D77-0E0384DE785D}.Release|Any CPU.Build.0 = Release|Any CPU
	EndGlobalSection
	GlobalSection(SolutionProperties) = preSolution
		HideSolutionNode = FALSE
	EndGlobalSection
	GlobalSection(NestedProjects) = preSolution
		{48D5B8BE-3DC1-42FF-85AD-9FAFBCA4F510} = {C5997596-98EA-40E8-B374-E652F965723B}
		{C7580528-EC8F-4A96-A6B5-ABDDFB2FBB08} = {5E77D433-5934-4E8D-B923-D93D8C6A4EB0}
		{6C161DE2-ED97-428F-A4DA-5DB31DA42735} = {68B15D2A-8257-4263-9D86-06740A1334B3}
		{9F733CFB-A2E4-4F5A-8AC8-0979078C308F} = {463AF65D-B5D3-47EB-AE37-E7A0CBEC55C1}
		{A41B18E4-A1F3-49E3-9227-B46829FCC5FB} = {9F733CFB-A2E4-4F5A-8AC8-0979078C308F}
		{AF0FC0F3-2322-4FED-BCFF-6631DB9FDE87} = {9F733CFB-A2E4-4F5A-8AC8-0979078C308F}
		{FDF8558B-B05E-4045-84A7-CD7C23921D08} = {9F733CFB-A2E4-4F5A-8AC8-0979078C308F}
		{5176AA6C-4C7E-45A7-AD7C-63431A38CC66} = {9F733CFB-A2E4-4F5A-8AC8-0979078C308F}
		{48A9C1BA-B616-4561-BA16-8EEF51948017} = {A41B18E4-A1F3-49E3-9227-B46829FCC5FB}
		{43561948-B9F4-400A-ABD6-56F158F46D2D} = {FDF8558B-B05E-4045-84A7-CD7C23921D08}
		{4F0A91FD-1574-4B02-9B00-3C8F30E76063} = {5176AA6C-4C7E-45A7-AD7C-63431A38CC66}
		{6574E898-9EF7-4891-9D77-0E0384DE785D} = {AF0FC0F3-2322-4FED-BCFF-6631DB9FDE87}
	EndGlobalSection
	GlobalSection(ExtensibilityGlobals) = postSolution
		SolutionGuid = {F4397894-48A8-4E31-9E92-F068A8978E67}
	EndGlobalSection
EndGlobal
